
Microsoft Visual Studio Solution File, Format Version 12.00
# Visual Studio 14
VisualStudioVersion = 14.0.24720.0
MinimumVisualStudioVersion = 10.0.40219.1
Project("{FAE04EC0-301F-11D3-BF4B-00C04F79EFBC}") = "SistemBarang2", "SistemBarang2.csproj", "{6161F04C-B499-4EC3-8EBD-135F08398A5A}"
EndProject
Project("{FAE04EC0-301F-11D3-BF4B-00C04F79EFBC}") = "Tugas", "..\..\..\Tugas\Tugas.csproj", "{3553147A-0D3B-40BE-97CE-E69EF469BB10}"
EndProject
Project("{FAE04EC0-301F-11D3-BF4B-00C04F79EFBC}") = "SistemBarang", "..\..\..\..\barang\SistemBarang\SistemBarang.csproj", "{8ED55D1C-FB2D-4160-B68F-B1FBAD60AD4E}"
EndProject
Global
	GlobalSection(SolutionConfigurationPlatforms) = preSolution
		Debug|Any CPU = Debug|Any CPU
		Release|Any CPU = Release|Any CPU
	EndGlobalSection
	GlobalSection(ProjectConfigurationPlatforms) = postSolution
		{6161F04C-B499-4EC3-8EBD-135F08398A5A}.Debug|Any CPU.ActiveCfg = Debug|Any CPU
		{6161F04C-B499-4EC3-8EBD-135F08398A5A}.Debug|Any CPU.Build.0 = Debug|Any CPU
		{6161F04C-B499-4EC3-8EBD-135F08398A5A}.Release|Any CPU.ActiveCfg = Release|Any CPU
		{6161F04C-B499-4EC3-8EBD-135F08398A5A}.Release|Any CPU.Build.0 = Release|Any CPU
		{3553147A-0D3B-40BE-97CE-E69EF469BB10}.Debug|Any CPU.ActiveCfg = Debug|Any CPU
		{3553147A-0D3B-40BE-97CE-E69EF469BB10}.Debug|Any CPU.Build.0 = Debug|Any CPU
		{3553147A-0D3B-40BE-97CE-E69EF469BB10}.Release|Any CPU.ActiveCfg = Release|Any CPU
		{3553147A-0D3B-40BE-97CE-E69EF469BB10}.Release|Any CPU.Build.0 = Release|Any CPU
		{8ED55D1C-FB2D-4160-B68F-B1FBAD60AD4E}.Debug|Any CPU.ActiveCfg = Debug|Any CPU
		{8ED55D1C-FB2D-4160-B68F-B1FBAD60AD4E}.Debug|Any CPU.Build.0 = Debug|Any CPU
		{8ED55D1C-FB2D-4160-B68F-B1FBAD60AD4E}.Release|Any CPU.ActiveCfg = Release|Any CPU
		{8ED55D1C-FB2D-4160-B68F-B1FBAD60AD4E}.Release|Any CPU.Build.0 = Release|Any CPU
	EndGlobalSection
	GlobalSection(SolutionProperties) = preSolution
		HideSolutionNode = FALSE
	EndGlobalSection
EndGlobal
